
Microsoft Visual Studio Solution File, Format Version 12.00
# Visual Studio Version 16
VisualStudioVersion = 16.0.32228.343
MinimumVisualStudioVersion = 10.0.40219.1
Project("{9A19103F-16F7-4668-BE54-9A1E7A4F7556}") = "PruebaLecturaDeRecorridos", "PruebaLecturaDeRecorridos\PruebaLecturaDeRecorridos.csproj", "{99465F4A-25B8-433C-808E-71B86BDD9A83}"
EndProject
Project("{9A19103F-16F7-4668-BE54-9A1E7A4F7556}") = "PatronesReco", "PatronesReco\PatronesReco.csproj", "{0BD13EA8-D347-44DC-90CA-72FDB0CE5051}"
EndProject
Project("{9A19103F-16F7-4668-BE54-9A1E7A4F7556}") = "Pinturas", "Pinturas\Pinturas.csproj", "{8BE24644-9298-4C73-B4DE-BD521459499C}"
EndProject
Project("{9A19103F-16F7-4668-BE54-9A1E7A4F7556}") = "Comun", "Comun\Comun.csproj", "{28FE0772-B142-4AA5-A284-84BEE2AE0116}"
EndProject
Project("{9A19103F-16F7-4668-BE54-9A1E7A4F7556}") = "Datos", "Datos\Datos.csproj", "{1F0AE94A-4831-4826-88F2-29AA3BB89CF4}"
EndProject
Project("{9A19103F-16F7-4668-BE54-9A1E7A4F7556}") = "PruebaDesempate", "PruebaDesempate\PruebaDesempate.csproj", "{3D2BCC3F-800D-455C-9827-A3886251EA6B}"
EndProject
Project("{9A19103F-16F7-4668-BE54-9A1E7A4F7556}") = "PruebaApiSUBE", "PruebaApiSUBE\PruebaApiSUBE.csproj", "{7E89E3E9-F111-4AD4-9392-2E87D895862D}"
EndProject
Project("{9A19103F-16F7-4668-BE54-9A1E7A4F7556}") = "LibQPA", "LibQPA\LibQPA.csproj", "{53A630D7-67CB-4D56-BA25-95066FCC74F4}"
EndProject
Project("{9A19103F-16F7-4668-BE54-9A1E7A4F7556}") = "LibQPA.Testing", "LibQPA.Testing\LibQPA.Testing.csproj", "{0AC6DD9E-AF88-4F90-A8E8-9BD49605A694}"
EndProject
Project("{9A19103F-16F7-4668-BE54-9A1E7A4F7556}") = "LibQPA.ProveedoresTecnobus", "LibQPA.ProveedoresTecnobus\LibQPA.ProveedoresTecnobus.csproj", "{C13B284C-DB1A-4D06-B07E-5C7B7A3992F6}"
EndProject
Project("{9A19103F-16F7-4668-BE54-9A1E7A4F7556}") = "LibQPA.ProveedoresHistoricos.DbSUBE", "LibQPA.ProveedoresHistoricos.DbSUBE\LibQPA.ProveedoresHistoricos.DbSUBE.csproj", "{E7AEC241-C235-43F5-8FFA-110B611589AB}"
EndProject
Project("{9A19103F-16F7-4668-BE54-9A1E7A4F7556}") = "LibQPA.ProveedoresHistoricos.DbXBus", "LibQPA.ProveedoresHistoricos.DbXBus\LibQPA.ProveedoresHistoricos.DbXBus.csproj", "{5876CCC9-61CE-4F9F-B3AE-2A94754D377F}"
EndProject
Project("{9A19103F-16F7-4668-BE54-9A1E7A4F7556}") = "LibQPA.ProveedoresVentas.DbSUBE", "LibQPA.ProveedoresVentas.DbSUBE\LibQPA.ProveedoresVentas.DbSUBE.csproj", "{96247DF3-ABB5-4611-9412-2DE971BEF7A6}"
EndProject
Project("{9A19103F-16F7-4668-BE54-9A1E7A4F7556}") = "ComunSUBE", "ComunSUBE\ComunSUBE.csproj", "{47ED8067-23CD-442D-A831-16A0782C62E6}"
EndProject
Project("{9A19103F-16F7-4668-BE54-9A1E7A4F7556}") = "LibQPA.ProveedoresHistoricos.JsonSUBE", "LibQPA.ProveedoresHistoricos.JsonSUBE\LibQPA.ProveedoresHistoricos.JsonSUBE.csproj", "{58EC92CA-E369-442D-AA22-916FDAAEEAF1}"
EndProject
Project("{9A19103F-16F7-4668-BE54-9A1E7A4F7556}") = "PintorRecorridosGenerico", "PintorRecorridosGenerico\PintorRecorridosGenerico.csproj", "{293993CC-4925-41A1-9C4F-C9BB02DA5E1E}"
EndProject
Project("{9A19103F-16F7-4668-BE54-9A1E7A4F7556}") = "VisorTandas", "VisorTandas\VisorTandas.csproj", "{73952149-2DB9-459D-956C-5ADB36AF64C7}"
EndProject
Project("{2150E333-8FDC-42A3-9474-1A3956D46DE8}") = "Anotaciones", "Anotaciones", "{C5128D20-68C7-427C-9BE1-33EAA8610CF0}"
	ProjectSection(SolutionItems) = preProject
		TODO.txt = TODO.txt
	EndProjectSection
EndProject
Project("{9A19103F-16F7-4668-BE54-9A1E7A4F7556}") = "PruebaConstruccionSegmentos", "PruebaConstruccionSegmentos\PruebaConstruccionSegmentos.csproj", "{F58D19E7-D844-4877-BC03-43E7149FC0A5}"
EndProject
Project("{9A19103F-16F7-4668-BE54-9A1E7A4F7556}") = "PruebaConstruccionSegmentos.Testing", "PruebaConstruccionSegmentos.Testing\PruebaConstruccionSegmentos.Testing.csproj", "{2AC2F9D7-5F1C-4001-9FDD-139CABC28AFB}"
EndProject
Project("{FAE04EC0-301F-11D3-BF4B-00C04F79EFBC}") = "Correspondencias", "Correspondencias\Correspondencias.csproj", "{5251BD1C-421F-4BD7-87EB-708A2835D527}"
EndProject
Project("{FAE04EC0-301F-11D3-BF4B-00C04F79EFBC}") = "PruebaCorrespondencias", "PruebaCorrespondencias\PruebaCorrespondencias.csproj", "{8C0DB99C-839F-464B-A934-9955B75952D0}"
EndProject
Global
	GlobalSection(SolutionConfigurationPlatforms) = preSolution
		Debug|Any CPU = Debug|Any CPU
		Release|Any CPU = Release|Any CPU
	EndGlobalSection
	GlobalSection(ProjectConfigurationPlatforms) = postSolution
		{99465F4A-25B8-433C-808E-71B86BDD9A83}.Debug|Any CPU.ActiveCfg = Debug|Any CPU
		{99465F4A-25B8-433C-808E-71B86BDD9A83}.Debug|Any CPU.Build.0 = Debug|Any CPU
		{99465F4A-25B8-433C-808E-71B86BDD9A83}.Release|Any CPU.ActiveCfg = Release|Any CPU
		{99465F4A-25B8-433C-808E-71B86BDD9A83}.Release|Any CPU.Build.0 = Release|Any CPU
		{0BD13EA8-D347-44DC-90CA-72FDB0CE5051}.Debug|Any CPU.ActiveCfg = Debug|Any CPU
		{0BD13EA8-D347-44DC-90CA-72FDB0CE5051}.Debug|Any CPU.Build.0 = Debug|Any CPU
		{0BD13EA8-D347-44DC-90CA-72FDB0CE5051}.Release|Any CPU.ActiveCfg = Release|Any CPU
		{0BD13EA8-D347-44DC-90CA-72FDB0CE5051}.Release|Any CPU.Build.0 = Release|Any CPU
		{8BE24644-9298-4C73-B4DE-BD521459499C}.Debug|Any CPU.ActiveCfg = Debug|Any CPU
		{8BE24644-9298-4C73-B4DE-BD521459499C}.Debug|Any CPU.Build.0 = Debug|Any CPU
		{8BE24644-9298-4C73-B4DE-BD521459499C}.Release|Any CPU.ActiveCfg = Release|Any CPU
		{8BE24644-9298-4C73-B4DE-BD521459499C}.Release|Any CPU.Build.0 = Release|Any CPU
		{28FE0772-B142-4AA5-A284-84BEE2AE0116}.Debug|Any CPU.ActiveCfg = Debug|Any CPU
		{28FE0772-B142-4AA5-A284-84BEE2AE0116}.Debug|Any CPU.Build.0 = Debug|Any CPU
		{28FE0772-B142-4AA5-A284-84BEE2AE0116}.Release|Any CPU.ActiveCfg = Release|Any CPU
		{28FE0772-B142-4AA5-A284-84BEE2AE0116}.Release|Any CPU.Build.0 = Release|Any CPU
		{1F0AE94A-4831-4826-88F2-29AA3BB89CF4}.Debug|Any CPU.ActiveCfg = Debug|Any CPU
		{1F0AE94A-4831-4826-88F2-29AA3BB89CF4}.Debug|Any CPU.Build.0 = Debug|Any CPU
		{1F0AE94A-4831-4826-88F2-29AA3BB89CF4}.Release|Any CPU.ActiveCfg = Release|Any CPU
		{1F0AE94A-4831-4826-88F2-29AA3BB89CF4}.Release|Any CPU.Build.0 = Release|Any CPU
		{3D2BCC3F-800D-455C-9827-A3886251EA6B}.Debug|Any CPU.ActiveCfg = Debug|Any CPU
		{3D2BCC3F-800D-455C-9827-A3886251EA6B}.Debug|Any CPU.Build.0 = Debug|Any CPU
		{3D2BCC3F-800D-455C-9827-A3886251EA6B}.Release|Any CPU.ActiveCfg = Release|Any CPU
		{3D2BCC3F-800D-455C-9827-A3886251EA6B}.Release|Any CPU.Build.0 = Release|Any CPU
		{7E89E3E9-F111-4AD4-9392-2E87D895862D}.Debug|Any CPU.ActiveCfg = Debug|Any CPU
		{7E89E3E9-F111-4AD4-9392-2E87D895862D}.Debug|Any CPU.Build.0 = Debug|Any CPU
		{7E89E3E9-F111-4AD4-9392-2E87D895862D}.Release|Any CPU.ActiveCfg = Release|Any CPU
		{7E89E3E9-F111-4AD4-9392-2E87D895862D}.Release|Any CPU.Build.0 = Release|Any CPU
		{53A630D7-67CB-4D56-BA25-95066FCC74F4}.Debug|Any CPU.ActiveCfg = Debug|Any CPU
		{53A630D7-67CB-4D56-BA25-95066FCC74F4}.Debug|Any CPU.Build.0 = Debug|Any CPU
		{53A630D7-67CB-4D56-BA25-95066FCC74F4}.Release|Any CPU.ActiveCfg = Release|Any CPU
		{53A630D7-67CB-4D56-BA25-95066FCC74F4}.Release|Any CPU.Build.0 = Release|Any CPU
		{0AC6DD9E-AF88-4F90-A8E8-9BD49605A694}.Debug|Any CPU.ActiveCfg = Debug|Any CPU
		{0AC6DD9E-AF88-4F90-A8E8-9BD49605A694}.Debug|Any CPU.Build.0 = Debug|Any CPU
		{0AC6DD9E-AF88-4F90-A8E8-9BD49605A694}.Release|Any CPU.ActiveCfg = Release|Any CPU
		{0AC6DD9E-AF88-4F90-A8E8-9BD49605A694}.Release|Any CPU.Build.0 = Release|Any CPU
		{C13B284C-DB1A-4D06-B07E-5C7B7A3992F6}.Debug|Any CPU.ActiveCfg = Debug|Any CPU
		{C13B284C-DB1A-4D06-B07E-5C7B7A3992F6}.Debug|Any CPU.Build.0 = Debug|Any CPU
		{C13B284C-DB1A-4D06-B07E-5C7B7A3992F6}.Release|Any CPU.ActiveCfg = Release|Any CPU
		{C13B284C-DB1A-4D06-B07E-5C7B7A3992F6}.Release|Any CPU.Build.0 = Release|Any CPU
		{E7AEC241-C235-43F5-8FFA-110B611589AB}.Debug|Any CPU.ActiveCfg = Debug|Any CPU
		{E7AEC241-C235-43F5-8FFA-110B611589AB}.Debug|Any CPU.Build.0 = Debug|Any CPU
		{E7AEC241-C235-43F5-8FFA-110B611589AB}.Release|Any CPU.ActiveCfg = Release|Any CPU
		{E7AEC241-C235-43F5-8FFA-110B611589AB}.Release|Any CPU.Build.0 = Release|Any CPU
		{5876CCC9-61CE-4F9F-B3AE-2A94754D377F}.Debug|Any CPU.ActiveCfg = Debug|Any CPU
		{5876CCC9-61CE-4F9F-B3AE-2A94754D377F}.Debug|Any CPU.Build.0 = Debug|Any CPU
		{5876CCC9-61CE-4F9F-B3AE-2A94754D377F}.Release|Any CPU.ActiveCfg = Release|Any CPU
		{5876CCC9-61CE-4F9F-B3AE-2A94754D377F}.Release|Any CPU.Build.0 = Release|Any CPU
		{96247DF3-ABB5-4611-9412-2DE971BEF7A6}.Debug|Any CPU.ActiveCfg = Debug|Any CPU
		{96247DF3-ABB5-4611-9412-2DE971BEF7A6}.Debug|Any CPU.Build.0 = Debug|Any CPU
		{96247DF3-ABB5-4611-9412-2DE971BEF7A6}.Release|Any CPU.ActiveCfg = Release|Any CPU
		{96247DF3-ABB5-4611-9412-2DE971BEF7A6}.Release|Any CPU.Build.0 = Release|Any CPU
		{47ED8067-23CD-442D-A831-16A0782C62E6}.Debug|Any CPU.ActiveCfg = Debug|Any CPU
		{47ED8067-23CD-442D-A831-16A0782C62E6}.Debug|Any CPU.Build.0 = Debug|Any CPU
		{47ED8067-23CD-442D-A831-16A0782C62E6}.Release|Any CPU.ActiveCfg = Release|Any CPU
		{47ED8067-23CD-442D-A831-16A0782C62E6}.Release|Any CPU.Build.0 = Release|Any CPU
		{58EC92CA-E369-442D-AA22-916FDAAEEAF1}.Debug|Any CPU.ActiveCfg = Debug|Any CPU
		{58EC92CA-E369-442D-AA22-916FDAAEEAF1}.Debug|Any CPU.Build.0 = Debug|Any CPU
		{58EC92CA-E369-442D-AA22-916FDAAEEAF1}.Release|Any CPU.ActiveCfg = Release|Any CPU
		{58EC92CA-E369-442D-AA22-916FDAAEEAF1}.Release|Any CPU.Build.0 = Release|Any CPU
		{293993CC-4925-41A1-9C4F-C9BB02DA5E1E}.Debug|Any CPU.ActiveCfg = Debug|Any CPU
		{293993CC-4925-41A1-9C4F-C9BB02DA5E1E}.Debug|Any CPU.Build.0 = Debug|Any CPU
		{293993CC-4925-41A1-9C4F-C9BB02DA5E1E}.Release|Any CPU.ActiveCfg = Release|Any CPU
		{293993CC-4925-41A1-9C4F-C9BB02DA5E1E}.Release|Any CPU.Build.0 = Release|Any CPU
		{73952149-2DB9-459D-956C-5ADB36AF64C7}.Debug|Any CPU.ActiveCfg = Debug|Any CPU
		{73952149-2DB9-459D-956C-5ADB36AF64C7}.Debug|Any CPU.Build.0 = Debug|Any CPU
		{73952149-2DB9-459D-956C-5ADB36AF64C7}.Release|Any CPU.ActiveCfg = Release|Any CPU
		{73952149-2DB9-459D-956C-5ADB36AF64C7}.Release|Any CPU.Build.0 = Release|Any CPU
		{F58D19E7-D844-4877-BC03-43E7149FC0A5}.Debug|Any CPU.ActiveCfg = Debug|Any CPU
		{F58D19E7-D844-4877-BC03-43E7149FC0A5}.Debug|Any CPU.Build.0 = Debug|Any CPU
		{F58D19E7-D844-4877-BC03-43E7149FC0A5}.Release|Any CPU.ActiveCfg = Release|Any CPU
		{F58D19E7-D844-4877-BC03-43E7149FC0A5}.Release|Any CPU.Build.0 = Release|Any CPU
		{2AC2F9D7-5F1C-4001-9FDD-139CABC28AFB}.Debug|Any CPU.ActiveCfg = Debug|Any CPU
		{2AC2F9D7-5F1C-4001-9FDD-139CABC28AFB}.Debug|Any CPU.Build.0 = Debug|Any CPU
		{2AC2F9D7-5F1C-4001-9FDD-139CABC28AFB}.Release|Any CPU.ActiveCfg = Release|Any CPU
		{2AC2F9D7-5F1C-4001-9FDD-139CABC28AFB}.Release|Any CPU.Build.0 = Release|Any CPU
		{5251BD1C-421F-4BD7-87EB-708A2835D527}.Debug|Any CPU.ActiveCfg = Debug|Any CPU
		{5251BD1C-421F-4BD7-87EB-708A2835D527}.Debug|Any CPU.Build.0 = Debug|Any CPU
		{5251BD1C-421F-4BD7-87EB-708A2835D527}.Release|Any CPU.ActiveCfg = Release|Any CPU
		{5251BD1C-421F-4BD7-87EB-708A2835D527}.Release|Any CPU.Build.0 = Release|Any CPU
		{8C0DB99C-839F-464B-A934-9955B75952D0}.Debug|Any CPU.ActiveCfg = Debug|Any CPU
		{8C0DB99C-839F-464B-A934-9955B75952D0}.Debug|Any CPU.Build.0 = Debug|Any CPU
		{8C0DB99C-839F-464B-A934-9955B75952D0}.Release|Any CPU.ActiveCfg = Release|Any CPU
		{8C0DB99C-839F-464B-A934-9955B75952D0}.Release|Any CPU.Build.0 = Release|Any CPU
	EndGlobalSection
	GlobalSection(SolutionProperties) = preSolution
		HideSolutionNode = FALSE
	EndGlobalSection
	GlobalSection(ExtensibilityGlobals) = postSolution
		SolutionGuid = {3059F3DC-B41F-41BC-8084-B785ACD0B0A1}
	EndGlobalSection
EndGlobal
