
Microsoft Visual Studio Solution File, Format Version 12.00
# Visual Studio Version 16
VisualStudioVersion = 16.0.31313.79
MinimumVisualStudioVersion = 10.0.40219.1
Project("{9A19103F-16F7-4668-BE54-9A1E7A4F7556}") = "PruebaLecturaDeRecorridos", "PruebaLecturaDeRecorridos\PruebaLecturaDeRecorridos.csproj", "{99465F4A-25B8-433C-808E-71B86BDD9A83}"
EndProject
Project("{9A19103F-16F7-4668-BE54-9A1E7A4F7556}") = "PatronesReco", "PatronesReco\PatronesReco.csproj", "{0BD13EA8-D347-44DC-90CA-72FDB0CE5051}"
EndProject
Project("{9A19103F-16F7-4668-BE54-9A1E7A4F7556}") = "ModeladoControlDeFlota", "ModeladoControlDeFlota\ModeladoControlDeFlota.csproj", "{AD92834B-8814-46C9-B61E-81DB9995031B}"
EndProject
Project("{9A19103F-16F7-4668-BE54-9A1E7A4F7556}") = "Pinturas", "Pinturas\Pinturas.csproj", "{8BE24644-9298-4C73-B4DE-BD521459499C}"
EndProject
Project("{9A19103F-16F7-4668-BE54-9A1E7A4F7556}") = "Comun", "Comun\Comun.csproj", "{28FE0772-B142-4AA5-A284-84BEE2AE0116}"
EndProject
Project("{9A19103F-16F7-4668-BE54-9A1E7A4F7556}") = "Datos", "Datos\Datos.csproj", "{1F0AE94A-4831-4826-88F2-29AA3BB89CF4}"
EndProject
Project("{9A19103F-16F7-4668-BE54-9A1E7A4F7556}") = "PruebaDesempate", "PruebaDesempate\PruebaDesempate.csproj", "{3D2BCC3F-800D-455C-9827-A3886251EA6B}"
EndProject
Project("{9A19103F-16F7-4668-BE54-9A1E7A4F7556}") = "PruebaApiSUBE", "PruebaApiSUBE\PruebaApiSUBE.csproj", "{7E89E3E9-F111-4AD4-9392-2E87D895862D}"
EndProject
Project("{9A19103F-16F7-4668-BE54-9A1E7A4F7556}") = "LibQPA", "LibQPA\LibQPA.csproj", "{53A630D7-67CB-4D56-BA25-95066FCC74F4}"
EndProject
Project("{9A19103F-16F7-4668-BE54-9A1E7A4F7556}") = "LibQPA.Testing", "LibQPA.Testing\LibQPA.Testing.csproj", "{0AC6DD9E-AF88-4F90-A8E8-9BD49605A694}"
EndProject
Project("{9A19103F-16F7-4668-BE54-9A1E7A4F7556}") = "LibQPA.ProveedoresTecnobus", "LibQPA.ProveedoresTecnobus\LibQPA.ProveedoresTecnobus.csproj", "{C13B284C-DB1A-4D06-B07E-5C7B7A3992F6}"
EndProject
Project("{FAE04EC0-301F-11D3-BF4B-00C04F79EFBC}") = "LibQPA.ProveedoresHistoricos.DbXBus", "LibQPA.ProveedoresHistoricos.DbXBus\LibQPA.ProveedoresHistoricos.DbXBus.csproj", "{0E12C15C-FAF5-4DFE-BEBA-6BF405FBB60C}"
EndProject
Global
	GlobalSection(SolutionConfigurationPlatforms) = preSolution
		Debug|Any CPU = Debug|Any CPU
		Release|Any CPU = Release|Any CPU
	EndGlobalSection
	GlobalSection(ProjectConfigurationPlatforms) = postSolution
		{99465F4A-25B8-433C-808E-71B86BDD9A83}.Debug|Any CPU.ActiveCfg = Debug|Any CPU
		{99465F4A-25B8-433C-808E-71B86BDD9A83}.Debug|Any CPU.Build.0 = Debug|Any CPU
		{99465F4A-25B8-433C-808E-71B86BDD9A83}.Release|Any CPU.ActiveCfg = Release|Any CPU
		{99465F4A-25B8-433C-808E-71B86BDD9A83}.Release|Any CPU.Build.0 = Release|Any CPU
		{0BD13EA8-D347-44DC-90CA-72FDB0CE5051}.Debug|Any CPU.ActiveCfg = Debug|Any CPU
		{0BD13EA8-D347-44DC-90CA-72FDB0CE5051}.Debug|Any CPU.Build.0 = Debug|Any CPU
		{0BD13EA8-D347-44DC-90CA-72FDB0CE5051}.Release|Any CPU.ActiveCfg = Release|Any CPU
		{0BD13EA8-D347-44DC-90CA-72FDB0CE5051}.Release|Any CPU.Build.0 = Release|Any CPU
		{AD92834B-8814-46C9-B61E-81DB9995031B}.Debug|Any CPU.ActiveCfg = Debug|Any CPU
		{AD92834B-8814-46C9-B61E-81DB9995031B}.Debug|Any CPU.Build.0 = Debug|Any CPU
		{AD92834B-8814-46C9-B61E-81DB9995031B}.Release|Any CPU.ActiveCfg = Release|Any CPU
		{AD92834B-8814-46C9-B61E-81DB9995031B}.Release|Any CPU.Build.0 = Release|Any CPU
		{8BE24644-9298-4C73-B4DE-BD521459499C}.Debug|Any CPU.ActiveCfg = Debug|Any CPU
		{8BE24644-9298-4C73-B4DE-BD521459499C}.Debug|Any CPU.Build.0 = Debug|Any CPU
		{8BE24644-9298-4C73-B4DE-BD521459499C}.Release|Any CPU.ActiveCfg = Release|Any CPU
		{8BE24644-9298-4C73-B4DE-BD521459499C}.Release|Any CPU.Build.0 = Release|Any CPU
		{28FE0772-B142-4AA5-A284-84BEE2AE0116}.Debug|Any CPU.ActiveCfg = Debug|Any CPU
		{28FE0772-B142-4AA5-A284-84BEE2AE0116}.Debug|Any CPU.Build.0 = Debug|Any CPU
		{28FE0772-B142-4AA5-A284-84BEE2AE0116}.Release|Any CPU.ActiveCfg = Release|Any CPU
		{28FE0772-B142-4AA5-A284-84BEE2AE0116}.Release|Any CPU.Build.0 = Release|Any CPU
		{1F0AE94A-4831-4826-88F2-29AA3BB89CF4}.Debug|Any CPU.ActiveCfg = Debug|Any CPU
		{1F0AE94A-4831-4826-88F2-29AA3BB89CF4}.Debug|Any CPU.Build.0 = Debug|Any CPU
		{1F0AE94A-4831-4826-88F2-29AA3BB89CF4}.Release|Any CPU.ActiveCfg = Release|Any CPU
		{1F0AE94A-4831-4826-88F2-29AA3BB89CF4}.Release|Any CPU.Build.0 = Release|Any CPU
		{3D2BCC3F-800D-455C-9827-A3886251EA6B}.Debug|Any CPU.ActiveCfg = Debug|Any CPU
		{3D2BCC3F-800D-455C-9827-A3886251EA6B}.Debug|Any CPU.Build.0 = Debug|Any CPU
		{3D2BCC3F-800D-455C-9827-A3886251EA6B}.Release|Any CPU.ActiveCfg = Release|Any CPU
		{3D2BCC3F-800D-455C-9827-A3886251EA6B}.Release|Any CPU.Build.0 = Release|Any CPU
		{7E89E3E9-F111-4AD4-9392-2E87D895862D}.Debug|Any CPU.ActiveCfg = Debug|Any CPU
		{7E89E3E9-F111-4AD4-9392-2E87D895862D}.Debug|Any CPU.Build.0 = Debug|Any CPU
		{7E89E3E9-F111-4AD4-9392-2E87D895862D}.Release|Any CPU.ActiveCfg = Release|Any CPU
		{7E89E3E9-F111-4AD4-9392-2E87D895862D}.Release|Any CPU.Build.0 = Release|Any CPU
		{53A630D7-67CB-4D56-BA25-95066FCC74F4}.Debug|Any CPU.ActiveCfg = Debug|Any CPU
		{53A630D7-67CB-4D56-BA25-95066FCC74F4}.Debug|Any CPU.Build.0 = Debug|Any CPU
		{53A630D7-67CB-4D56-BA25-95066FCC74F4}.Release|Any CPU.ActiveCfg = Release|Any CPU
		{53A630D7-67CB-4D56-BA25-95066FCC74F4}.Release|Any CPU.Build.0 = Release|Any CPU
		{0AC6DD9E-AF88-4F90-A8E8-9BD49605A694}.Debug|Any CPU.ActiveCfg = Debug|Any CPU
		{0AC6DD9E-AF88-4F90-A8E8-9BD49605A694}.Debug|Any CPU.Build.0 = Debug|Any CPU
		{0AC6DD9E-AF88-4F90-A8E8-9BD49605A694}.Release|Any CPU.ActiveCfg = Release|Any CPU
		{0AC6DD9E-AF88-4F90-A8E8-9BD49605A694}.Release|Any CPU.Build.0 = Release|Any CPU
		{C13B284C-DB1A-4D06-B07E-5C7B7A3992F6}.Debug|Any CPU.ActiveCfg = Debug|Any CPU
		{C13B284C-DB1A-4D06-B07E-5C7B7A3992F6}.Debug|Any CPU.Build.0 = Debug|Any CPU
		{C13B284C-DB1A-4D06-B07E-5C7B7A3992F6}.Release|Any CPU.ActiveCfg = Release|Any CPU
		{C13B284C-DB1A-4D06-B07E-5C7B7A3992F6}.Release|Any CPU.Build.0 = Release|Any CPU
		{0E12C15C-FAF5-4DFE-BEBA-6BF405FBB60C}.Debug|Any CPU.ActiveCfg = Debug|Any CPU
		{0E12C15C-FAF5-4DFE-BEBA-6BF405FBB60C}.Debug|Any CPU.Build.0 = Debug|Any CPU
		{0E12C15C-FAF5-4DFE-BEBA-6BF405FBB60C}.Release|Any CPU.ActiveCfg = Release|Any CPU
		{0E12C15C-FAF5-4DFE-BEBA-6BF405FBB60C}.Release|Any CPU.Build.0 = Release|Any CPU
	EndGlobalSection
	GlobalSection(SolutionProperties) = preSolution
		HideSolutionNode = FALSE
	EndGlobalSection
	GlobalSection(ExtensibilityGlobals) = postSolution
		SolutionGuid = {3059F3DC-B41F-41BC-8084-B785ACD0B0A1}
	EndGlobalSection
EndGlobal
